// !$*UTF8*$!
{
	archiveVersion = 1;
	classes = {
	};
	objectVersion = 46;
	objects = {

/* Begin PBXBuildFile section */
		632E15861C99A1F700757D10 /* main.m in Sources */ = {isa = PBXBuildFile; fileRef = 632E15851C99A1F700757D10 /* main.m */; };
		632E15891C99A1F700757D10 /* AppDelegate.m in Sources */ = {isa = PBXBuildFile; fileRef = 632E15881C99A1F700757D10 /* AppDelegate.m */; };
		632E158C1C99A1F700757D10 /* ViewController.m in Sources */ = {isa = PBXBuildFile; fileRef = 632E158B1C99A1F700757D10 /* ViewController.m */; };
		632E158F1C99A1F700757D10 /* Main.storyboard in Resources */ = {isa = PBXBuildFile; fileRef = 632E158D1C99A1F700757D10 /* Main.storyboard */; };
		632E15911C99A1F700757D10 /* Assets.xcassets in Resources */ = {isa = PBXBuildFile; fileRef = 632E15901C99A1F700757D10 /* Assets.xcassets */; };
		632E15941C99A1F700757D10 /* LaunchScreen.storyboard in Resources */ = {isa = PBXBuildFile; fileRef = 632E15921C99A1F700757D10 /* LaunchScreen.storyboard */; };
		632E159F1C99A1F800757D10 /* LeranCoreDataTests.m in Sources */ = {isa = PBXBuildFile; fileRef = 632E159E1C99A1F800757D10 /* LeranCoreDataTests.m */; };
		632E15AA1C99A1F800757D10 /* LeranCoreDataUITests.m in Sources */ = {isa = PBXBuildFile; fileRef = 632E15A91C99A1F800757D10 /* LeranCoreDataUITests.m */; };
		632E15B91C99A30000757D10 /* Person.xcdatamodeld in Sources */ = {isa = PBXBuildFile; fileRef = 632E15B71C99A30000757D10 /* Person.xcdatamodeld */; };
		632E15C41C99A3FD00757D10 /* Employee+CoreDataProperties.m in Sources */ = {isa = PBXBuildFile; fileRef = 632E15C11C99A3FD00757D10 /* Employee+CoreDataProperties.m */; };
		632E15C51C99A3FD00757D10 /* Employee.m in Sources */ = {isa = PBXBuildFile; fileRef = 632E15C31C99A3FD00757D10 /* Employee.m */; };
/* End PBXBuildFile section */

/* Begin PBXContainerItemProxy section */
		632E159B1C99A1F800757D10 /* PBXContainerItemProxy */ = {
			isa = PBXContainerItemProxy;
			containerPortal = 632E15791C99A1F700757D10 /* Project object */;
			proxyType = 1;
			remoteGlobalIDString = 632E15801C99A1F700757D10;
			remoteInfo = LeranCoreData;
		};
		632E15A61C99A1F800757D10 /* PBXContainerItemProxy */ = {
			isa = PBXContainerItemProxy;
			containerPortal = 632E15791C99A1F700757D10 /* Project object */;
			proxyType = 1;
			remoteGlobalIDString = 632E15801C99A1F700757D10;
			remoteInfo = LeranCoreData;
		};
/* End PBXContainerItemProxy section */

/* Begin PBXFileReference section */
		632E15811C99A1F700757D10 /* LeranCoreData.app */ = {isa = PBXFileReference; explicitFileType = wrapper.application; includeInIndex = 0; path = LeranCoreData.app; sourceTree = BUILT_PRODUCTS_DIR; };
		632E15851C99A1F700757D10 /* main.m */ = {isa = PBXFileReference; lastKnownFileType = sourcecode.c.objc; path = main.m; sourceTree = "<group>"; };
		632E15871C99A1F700757D10 /* AppDelegate.h */ = {isa = PBXFileReference; lastKnownFileType = sourcecode.c.h; path = AppDelegate.h; sourceTree = "<group>"; };
		632E15881C99A1F700757D10 /* AppDelegate.m */ = {isa = PBXFileReference; lastKnownFileType = sourcecode.c.objc; path = AppDelegate.m; sourceTree = "<group>"; };
		632E158A1C99A1F700757D10 /* ViewController.h */ = {isa = PBXFileReference; lastKnownFileType = sourcecode.c.h; path = ViewController.h; sourceTree = "<group>"; };
		632E158B1C99A1F700757D10 /* ViewController.m */ = {isa = PBXFileReference; lastKnownFileType = sourcecode.c.objc; path = ViewController.m; sourceTree = "<group>"; };
		632E158E1C99A1F700757D10 /* Base */ = {isa = PBXFileReference; lastKnownFileType = file.storyboard; name = Base; path = Base.lproj/Main.storyboard; sourceTree = "<group>"; };
		632E15901C99A1F700757D10 /* Assets.xcassets */ = {isa = PBXFileReference; lastKnownFileType = folder.assetcatalog; path = Assets.xcassets; sourceTree = "<group>"; };
		632E15931C99A1F700757D10 /* Base */ = {isa = PBXFileReference; lastKnownFileType = file.storyboard; name = Base; path = Base.lproj/LaunchScreen.storyboard; sourceTree = "<group>"; };
		632E15951C99A1F700757D10 /* Info.plist */ = {isa = PBXFileReference; lastKnownFileType = text.plist.xml; path = Info.plist; sourceTree = "<group>"; };
		632E159A1C99A1F800757D10 /* LeranCoreDataTests.xctest */ = {isa = PBXFileReference; explicitFileType = wrapper.cfbundle; includeInIndex = 0; path = LeranCoreDataTests.xctest; sourceTree = BUILT_PRODUCTS_DIR; };
		632E159E1C99A1F800757D10 /* LeranCoreDataTests.m */ = {isa = PBXFileReference; lastKnownFileType = sourcecode.c.objc; path = LeranCoreDataTests.m; sourceTree = "<group>"; };
		632E15A01C99A1F800757D10 /* Info.plist */ = {isa = PBXFileReference; lastKnownFileType = text.plist.xml; path = Info.plist; sourceTree = "<group>"; };
		632E15A51C99A1F800757D10 /* LeranCoreDataUITests.xctest */ = {isa = PBXFileReference; explicitFileType = wrapper.cfbundle; includeInIndex = 0; path = LeranCoreDataUITests.xctest; sourceTree = BUILT_PRODUCTS_DIR; };
		632E15A91C99A1F800757D10 /* LeranCoreDataUITests.m */ = {isa = PBXFileReference; lastKnownFileType = sourcecode.c.objc; path = LeranCoreDataUITests.m; sourceTree = "<group>"; };
		632E15AB1C99A1F800757D10 /* Info.plist */ = {isa = PBXFileReference; lastKnownFileType = text.plist.xml; path = Info.plist; sourceTree = "<group>"; };
		632E15B81C99A30000757D10 /* Person.xcdatamodel */ = {isa = PBXFileReference; lastKnownFileType = wrapper.xcdatamodel; path = Person.xcdatamodel; sourceTree = "<group>"; };
		632E15C01C99A3FD00757D10 /* Employee+CoreDataProperties.h */ = {isa = PBXFileReference; fileEncoding = 4; lastKnownFileType = sourcecode.c.h; name = "Employee+CoreDataProperties.h"; path = "../Employee+CoreDataProperties.h"; sourceTree = "<group>"; };
		632E15C11C99A3FD00757D10 /* Employee+CoreDataProperties.m */ = {isa = PBXFileReference; fileEncoding = 4; lastKnownFileType = sourcecode.c.objc; name = "Employee+CoreDataProperties.m"; path = "../Employee+CoreDataProperties.m"; sourceTree = "<group>"; };
		632E15C21C99A3FD00757D10 /* Employee.h */ = {isa = PBXFileReference; fileEncoding = 4; lastKnownFileType = sourcecode.c.h; name = Employee.h; path = ../Employee.h; sourceTree = "<group>"; };
		632E15C31C99A3FD00757D10 /* Employee.m */ = {isa = PBXFileReference; fileEncoding = 4; lastKnownFileType = sourcecode.c.objc; name = Employee.m; path = ../Employee.m; sourceTree = "<group>"; };
/* End PBXFileReference section */

/* Begin PBXFrameworksBuildPhase section */
		632E157E1C99A1F700757D10 /* Frameworks */ = {
			isa = PBXFrameworksBuildPhase;
			buildActionMask = 2147483647;
			files = (
			);
			runOnlyForDeploymentPostprocessing = 0;
		};
		632E15971C99A1F800757D10 /* Frameworks */ = {
			isa = PBXFrameworksBuildPhase;
			buildActionMask = 2147483647;
			files = (
			);
			runOnlyForDeploymentPostprocessing = 0;
		};
		632E15A21C99A1F800757D10 /* Frameworks */ = {
			isa = PBXFrameworksBuildPhase;
			buildActionMask = 2147483647;
			files = (
			);
			runOnlyForDeploymentPostprocessing = 0;
		};
/* End PBXFrameworksBuildPhase section */

/* Begin PBXGroup section */
		632E15781C99A1F700757D10 = {
			isa = PBXGroup;
			children = (
				632E15831C99A1F700757D10 /* LeranCoreData */,
				632E159D1C99A1F800757D10 /* LeranCoreDataTests */,
				632E15A81C99A1F800757D10 /* LeranCoreDataUITests */,
				632E15821C99A1F700757D10 /* Products */,
			);
			sourceTree = "<group>";
		};
		632E15821C99A1F700757D10 /* Products */ = {
			isa = PBXGroup;
			children = (
				632E15811C99A1F700757D10 /* LeranCoreData.app */,
				632E159A1C99A1F800757D10 /* LeranCoreDataTests.xctest */,
				632E15A51C99A1F800757D10 /* LeranCoreDataUITests.xctest */,
			);
			name = Products;
			sourceTree = "<group>";
		};
		632E15831C99A1F700757D10 /* LeranCoreData */ = {
			isa = PBXGroup;
			children = (
				632E15871C99A1F700757D10 /* AppDelegate.h */,
				632E15881C99A1F700757D10 /* AppDelegate.m */,
				632E158A1C99A1F700757D10 /* ViewController.h */,
				632E158B1C99A1F700757D10 /* ViewController.m */,
				632E158D1C99A1F700757D10 /* Main.storyboard */,
				632E15901C99A1F700757D10 /* Assets.xcassets */,
				632E15921C99A1F700757D10 /* LaunchScreen.storyboard */,
				632E15B71C99A30000757D10 /* Person.xcdatamodeld */,
				632E15C01C99A3FD00757D10 /* Employee+CoreDataProperties.h */,
				632E15C11C99A3FD00757D10 /* Employee+CoreDataProperties.m */,
				632E15C21C99A3FD00757D10 /* Employee.h */,
				632E15C31C99A3FD00757D10 /* Employee.m */,
				632E15951C99A1F700757D10 /* Info.plist */,
				632E15841C99A1F700757D10 /* Supporting Files */,
			);
			path = LeranCoreData;
			sourceTree = "<group>";
		};
		632E15841C99A1F700757D10 /* Supporting Files */ = {
			isa = PBXGroup;
			children = (
				632E15851C99A1F700757D10 /* main.m */,
			);
			name = "Supporting Files";
			sourceTree = "<group>";
		};
		632E159D1C99A1F800757D10 /* LeranCoreDataTests */ = {
			isa = PBXGroup;
			children = (
				632E159E1C99A1F800757D10 /* LeranCoreDataTests.m */,
				632E15A01C99A1F800757D10 /* Info.plist */,
			);
			path = LeranCoreDataTests;
			sourceTree = "<group>";
		};
		632E15A81C99A1F800757D10 /* LeranCoreDataUITests */ = {
			isa = PBXGroup;
			children = (
				632E15A91C99A1F800757D10 /* LeranCoreDataUITests.m */,
				632E15AB1C99A1F800757D10 /* Info.plist */,
			);
			path = LeranCoreDataUITests;
			sourceTree = "<group>";
		};
/* End PBXGroup section */

/* Begin PBXNativeTarget section */
		632E15801C99A1F700757D10 /* LeranCoreData */ = {
			isa = PBXNativeTarget;
			buildConfigurationList = 632E15AE1C99A1F800757D10 /* Build configuration list for PBXNativeTarget "LeranCoreData" */;
			buildPhases = (
				632E157D1C99A1F700757D10 /* Sources */,
				632E157E1C99A1F700757D10 /* Frameworks */,
				632E157F1C99A1F700757D10 /* Resources */,
			);
			buildRules = (
			);
			dependencies = (
			);
			name = LeranCoreData;
			productName = LeranCoreData;
			productReference = 632E15811C99A1F700757D10 /* LeranCoreData.app */;
			productType = "com.apple.product-type.application";
		};
		632E15991C99A1F800757D10 /* LeranCoreDataTests */ = {
			isa = PBXNativeTarget;
			buildConfigurationList = 632E15B11C99A1F800757D10 /* Build configuration list for PBXNativeTarget "LeranCoreDataTests" */;
			buildPhases = (
				632E15961C99A1F800757D10 /* Sources */,
				632E15971C99A1F800757D10 /* Frameworks */,
				632E15981C99A1F800757D10 /* Resources */,
			);
			buildRules = (
			);
			dependencies = (
				632E159C1C99A1F800757D10 /* PBXTargetDependency */,
			);
			name = LeranCoreDataTests;
			productName = LeranCoreDataTests;
			productReference = 632E159A1C99A1F800757D10 /* LeranCoreDataTests.xctest */;
			productType = "com.apple.product-type.bundle.unit-test";
		};
		632E15A41C99A1F800757D10 /* LeranCoreDataUITests */ = {
			isa = PBXNativeTarget;
			buildConfigurationList = 632E15B41C99A1F800757D10 /* Build configuration list for PBXNativeTarget "LeranCoreDataUITests" */;
			buildPhases = (
				632E15A11C99A1F800757D10 /* Sources */,
				632E15A21C99A1F800757D10 /* Frameworks */,
				632E15A31C99A1F800757D10 /* Resources */,
			);
			buildRules = (
			);
			dependencies = (
				632E15A71C99A1F800757D10 /* PBXTargetDependency */,
			);
			name = LeranCoreDataUITests;
			productName = LeranCoreDataUITests;
			productReference = 632E15A51C99A1F800757D10 /* LeranCoreDataUITests.xctest */;
			productType = "com.apple.product-type.bundle.ui-testing";
		};
/* End PBXNativeTarget section */

/* Begin PBXProject section */
		632E15791C99A1F700757D10 /* Project object */ = {
			isa = PBXProject;
			attributes = {
				LastUpgradeCheck = 0720;
				ORGANIZATIONNAME = DavidLee;
				TargetAttributes = {
					632E15801C99A1F700757D10 = {
						CreatedOnToolsVersion = 7.2;
					};
					632E15991C99A1F800757D10 = {
						CreatedOnToolsVersion = 7.2;
						TestTargetID = 632E15801C99A1F700757D10;
					};
					632E15A41C99A1F800757D10 = {
						CreatedOnToolsVersion = 7.2;
						TestTargetID = 632E15801C99A1F700757D10;
					};
				};
			};
			buildConfigurationList = 632E157C1C99A1F700757D10 /* Build configuration list for PBXProject "LeranCoreData" */;
			compatibilityVersion = "Xcode 3.2";
			developmentRegion = English;
			hasScannedForEncodings = 0;
			knownRegions = (
				en,
				Base,
			);
			mainGroup = 632E15781C99A1F700757D10;
			productRefGroup = 632E15821C99A1F700757D10 /* Products */;
			projectDirPath = "";
			projectRoot = "";
			targets = (
				632E15801C99A1F700757D10 /* LeranCoreData */,
				632E15991C99A1F800757D10 /* LeranCoreDataTests */,
				632E15A41C99A1F800757D10 /* LeranCoreDataUITests */,
			);
		};
/* End PBXProject section */

/* Begin PBXResourcesBuildPhase section */
		632E157F1C99A1F700757D10 /* Resources */ = {
			isa = PBXResourcesBuildPhase;
			buildActionMask = 2147483647;
			files = (
				632E15941C99A1F700757D10 /* LaunchScreen.storyboard in Resources */,
				632E15911C99A1F700757D10 /* Assets.xcassets in Resources */,
				632E158F1C99A1F700757D10 /* Main.storyboard in Resources */,
			);
			runOnlyForDeploymentPostprocessing = 0;
		};
		632E15981C99A1F800757D10 /* Resources */ = {
			isa = PBXResourcesBuildPhase;
			buildActionMask = 2147483647;
			files = (
			);
			runOnlyForDeploymentPostprocessing = 0;
		};
		632E15A31C99A1F800757D10 /* Resources */ = {
			isa = PBXResourcesBuildPhase;
			buildActionMask = 2147483647;
			files = (
			);
			runOnlyForDeploymentPostprocessing = 0;
		};
/* End PBXResourcesBuildPhase section */

/* Begin PBXSourcesBuildPhase section */
		632E157D1C99A1F700757D10 /* Sources */ = {
			isa = PBXSourcesBuildPhase;
			buildActionMask = 2147483647;
			files = (
				632E158C1C99A1F700757D10 /* ViewController.m in Sources */,
				632E15891C99A1F700757D10 /* AppDelegate.m in Sources */,
				632E15B91C99A30000757D10 /* Person.xcdatamodeld in Sources */,
				632E15C51C99A3FD00757D10 /* Employee.m in Sources */,
				632E15861C99A1F700757D10 /* main.m in Sources */,
				632E15C41C99A3FD00757D10 /* Employee+CoreDataProperties.m in Sources */,
			);
			runOnlyForDeploymentPostprocessing = 0;
		};
		632E15961C99A1F800757D10 /* Sources */ = {
			isa = PBXSourcesBuildPhase;
			buildActionMask = 2147483647;
			files = (
				632E159F1C99A1F800757D10 /* LeranCoreDataTests.m in Sources */,
			);
			runOnlyForDeploymentPostprocessing = 0;
		};
		632E15A11C99A1F800757D10 /* Sources */ = {
			isa = PBXSourcesBuildPhase;
			buildActionMask = 2147483647;
			files = (
				632E15AA1C99A1F800757D10 /* LeranCoreDataUITests.m in Sources */,
			);
			runOnlyForDeploymentPostprocessing = 0;
		};
/* End PBXSourcesBuildPhase section */

/* Begin PBXTargetDependency section */
		632E159C1C99A1F800757D10 /* PBXTargetDependency */ = {
			isa = PBXTargetDependency;
			target = 632E15801C99A1F700757D10 /* LeranCoreData */;
			targetProxy = 632E159B1C99A1F800757D10 /* PBXContainerItemProxy */;
		};
		632E15A71C99A1F800757D10 /* PBXTargetDependency */ = {
			isa = PBXTargetDependency;
			target = 632E15801C99A1F700757D10 /* LeranCoreData */;
			targetProxy = 632E15A61C99A1F800757D10 /* PBXContainerItemProxy */;
		};
/* End PBXTargetDependency section */

/* Begin PBXVariantGroup section */
		632E158D1C99A1F700757D10 /* Main.storyboard */ = {
			isa = PBXVariantGroup;
			children = (
				632E158E1C99A1F700757D10 /* Base */,
			);
			name = Main.storyboard;
			sourceTree = "<group>";
		};
		632E15921C99A1F700757D10 /* LaunchScreen.storyboard */ = {
			isa = PBXVariantGroup;
			children = (
				632E15931C99A1F700757D10 /* Base */,
			);
			name = LaunchScreen.storyboard;
			sourceTree = "<group>";
		};
/* End PBXVariantGroup section */

/* Begin XCBuildConfiguration section */
		632E15AC1C99A1F800757D10 /* Debug */ = {
			isa = XCBuildConfiguration;
			buildSettings = {
				ALWAYS_SEARCH_USER_PATHS = NO;
				CLANG_CXX_LANGUAGE_STANDARD = "gnu++0x";
				CLANG_CXX_LIBRARY = "libc++";
				CLANG_ENABLE_MODULES = YES;
				CLANG_ENABLE_OBJC_ARC = YES;
				CLANG_WARN_BOOL_CONVERSION = YES;
				CLANG_WARN_CONSTANT_CONVERSION = YES;
				CLANG_WARN_DIRECT_OBJC_ISA_USAGE = YES_ERROR;
				CLANG_WARN_EMPTY_BODY = YES;
				CLANG_WARN_ENUM_CONVERSION = YES;
				CLANG_WARN_INT_CONVERSION = YES;
				CLANG_WARN_OBJC_ROOT_CLASS = YES_ERROR;
				CLANG_WARN_UNREACHABLE_CODE = YES;
				CLANG_WARN__DUPLICATE_METHOD_MATCH = YES;
				"CODE_SIGN_IDENTITY[sdk=iphoneos*]" = "iPhone Developer";
				COPY_PHASE_STRIP = NO;
				DEBUG_INFORMATION_FORMAT = dwarf;
				ENABLE_STRICT_OBJC_MSGSEND = YES;
				ENABLE_TESTABILITY = YES;
				GCC_C_LANGUAGE_STANDARD = gnu99;
				GCC_DYNAMIC_NO_PIC = NO;
				GCC_NO_COMMON_BLOCKS = YES;
				GCC_OPTIMIZATION_LEVEL = 0;
				GCC_PREPROCESSOR_DEFINITIONS = (
					"DEBUG=1",
					"$(inherited)",
				);
				GCC_WARN_64_TO_32_BIT_CONVERSION = YES;
				GCC_WARN_ABOUT_RETURN_TYPE = YES_ERROR;
				GCC_WARN_UNDECLARED_SELECTOR = YES;
				GCC_WARN_UNINITIALIZED_AUTOS = YES_AGGRESSIVE;
				GCC_WARN_UNUSED_FUNCTION = YES;
				GCC_WARN_UNUSED_VARIABLE = YES;
				IPHONEOS_DEPLOYMENT_TARGET = 9.2;
				MTL_ENABLE_DEBUG_INFO = YES;
				ONLY_ACTIVE_ARCH = YES;
				SDKROOT = iphoneos;
			};
			name = Debug;
		};
		632E15AD1C99A1F800757D10 /* Release */ = {
			isa = XCBuildConfiguration;
			buildSettings = {
				ALWAYS_SEARCH_USER_PATHS = NO;
				CLANG_CXX_LANGUAGE_STANDARD = "gnu++0x";
				CLANG_CXX_LIBRARY = "libc++";
				CLANG_ENABLE_MODULES = YES;
				CLANG_ENABLE_OBJC_ARC = YES;
				CLANG_WARN_BOOL_CONVERSION = YES;
				CLANG_WARN_CONSTANT_CONVERSION = YES;
				CLANG_WARN_DIRECT_OBJC_ISA_USAGE = YES_ERROR;
				CLANG_WARN_EMPTY_BODY = YES;
				CLANG_WARN_ENUM_CONVERSION = YES;
				CLANG_WARN_INT_CONVERSION = YES;
				CLANG_WARN_OBJC_ROOT_CLASS = YES_ERROR;
				CLANG_WARN_UNREACHABLE_CODE = YES;
				CLANG_WARN__DUPLICATE_METHOD_MATCH = YES;
				"CODE_SIGN_IDENTITY[sdk=iphoneos*]" = "iPhone Developer";
				COPY_PHASE_STRIP = NO;
				DEBUG_INFORMATION_FORMAT = "dwarf-with-dsym";
				ENABLE_NS_ASSERTIONS = NO;
				ENABLE_STRICT_OBJC_MSGSEND = YES;
				GCC_C_LANGUAGE_STANDARD = gnu99;
				GCC_NO_COMMON_BLOCKS = YES;
				GCC_WARN_64_TO_32_BIT_CONVERSION = YES;
				GCC_WARN_ABOUT_RETURN_TYPE = YES_ERROR;
				GCC_WARN_UNDECLARED_SELECTOR = YES;
				GCC_WARN_UNINITIALIZED_AUTOS = YES_AGGRESSIVE;
				GCC_WARN_UNUSED_FUNCTION = YES;
				GCC_WARN_UNUSED_VARIABLE = YES;
				IPHONEOS_DEPLOYMENT_TARGET = 9.2;
				MTL_ENABLE_DEBUG_INFO = NO;
				SDKROOT = iphoneos;
				VALIDATE_PRODUCT = YES;
			};
			name = Release;
		};
		632E15AF1C99A1F800757D10 /* Debug */ = {
			isa = XCBuildConfiguration;
			buildSettings = {
				ASSETCATALOG_COMPILER_APPICON_NAME = AppIcon;
				INFOPLIST_FILE = LeranCoreData/Info.plist;
				IPHONEOS_DEPLOYMENT_TARGET = 9.0;
				LD_RUNPATH_SEARCH_PATHS = "$(inherited) @executable_path/Frameworks";
				PRODUCT_BUNDLE_IDENTIFIER = david.com.cn.LeranCoreData;
				PRODUCT_NAME = "$(TARGET_NAME)";
			};
			name = Debug;
		};
		632E15B01C99A1F800757D10 /* Release */ = {
			isa = XCBuildConfiguration;
			buildSettings = {
				ASSETCATALOG_COMPILER_APPICON_NAME = AppIcon;
				INFOPLIST_FILE = LeranCoreData/Info.plist;
				IPHONEOS_DEPLOYMENT_TARGET = 9.0;
				LD_RUNPATH_SEARCH_PATHS = "$(inherited) @executable_path/Frameworks";
				PRODUCT_BUNDLE_IDENTIFIER = david.com.cn.LeranCoreData;
				PRODUCT_NAME = "$(TARGET_NAME)";
			};
			name = Release;
		};
		632E15B21C99A1F800757D10 /* Debug */ = {
			isa = XCBuildConfiguration;
			buildSettings = {
				BUNDLE_LOADER = "$(TEST_HOST)";
				INFOPLIST_FILE = LeranCoreDataTests/Info.plist;
				LD_RUNPATH_SEARCH_PATHS = "$(inherited) @executable_path/Frameworks @loader_path/Frameworks";
				PRODUCT_BUNDLE_IDENTIFIER = david.com.cn.LeranCoreDataTests;
				PRODUCT_NAME = "$(TARGET_NAME)";
				TEST_HOST = "$(BUILT_PRODUCTS_DIR)/LeranCoreData.app/LeranCoreData";
			};
			name = Debug;
		};
		632E15B31C99A1F800757D10 /* Release */ = {
			isa = XCBuildConfiguration;
			buildSettings = {
				BUNDLE_LOADER = "$(TEST_HOST)";
				INFOPLIST_FILE = LeranCoreDataTests/Info.plist;
				LD_RUNPATH_SEARCH_PATHS = "$(inherited) @executable_path/Frameworks @loader_path/Frameworks";
				PRODUCT_BUNDLE_IDENTIFIER = david.com.cn.LeranCoreDataTests;
				PRODUCT_NAME = "$(TARGET_NAME)";
				TEST_HOST = "$(BUILT_PRODUCTS_DIR)/LeranCoreData.app/LeranCoreData";
			};
			name = Release;
		};
		632E15B51C99A1F800757D10 /* Debug */ = {
			isa = XCBuildConfiguration;
			buildSettings = {
				INFOPLIST_FILE = LeranCoreDataUITests/Info.plist;
				LD_RUNPATH_SEARCH_PATHS = "$(inherited) @executable_path/Frameworks @loader_path/Frameworks";
				PRODUCT_BUNDLE_IDENTIFIER = david.com.cn.LeranCoreDataUITests;
				PRODUCT_NAME = "$(TARGET_NAME)";
				TEST_TARGET_NAME = LeranCoreData;
				USES_XCTRUNNER = YES;
			};
			name = Debug;
		};
		632E15B61C99A1F800757D10 /* Release */ = {
			isa = XCBuildConfiguration;
			buildSettings = {
				INFOPLIST_FILE = LeranCoreDataUITests/Info.plist;
				LD_RUNPATH_SEARCH_PATHS = "$(inherited) @executable_path/Frameworks @loader_path/Frameworks";
				PRODUCT_BUNDLE_IDENTIFIER = david.com.cn.LeranCoreDataUITests;
				PRODUCT_NAME = "$(TARGET_NAME)";
				TEST_TARGET_NAME = LeranCoreData;
				USES_XCTRUNNER = YES;
			};
			name = Release;
		};
/* End XCBuildConfiguration section */

/* Begin XCConfigurationList section */
		632E157C1C99A1F700757D10 /* Build configuration list for PBXProject "LeranCoreData" */ = {
			isa = XCConfigurationList;
			buildConfigurations = (
				632E15AC1C99A1F800757D10 /* Debug */,
				632E15AD1C99A1F800757D10 /* Release */,
			);
			defaultConfigurationIsVisible = 0;
			defaultConfigurationName = Release;
		};
		632E15AE1C99A1F800757D10 /* Build configuration list for PBXNativeTarget "LeranCoreData" */ = {
			isa = XCConfigurationList;
			buildConfigurations = (
				632E15AF1C99A1F800757D10 /* Debug */,
				632E15B01C99A1F800757D10 /* Release */,
			);
			defaultConfigurationIsVisible = 0;
		};
		632E15B11C99A1F800757D10 /* Build configuration list for PBXNativeTarget "LeranCoreDataTests" */ = {
			isa = XCConfigurationList;
			buildConfigurations = (
				632E15B21C99A1F800757D10 /* Debug */,
				632E15B31C99A1F800757D10 /* Release */,
			);
			defaultConfigurationIsVisible = 0;
		};
		632E15B41C99A1F800757D10 /* Build configuration list for PBXNativeTarget "LeranCoreDataUITests" */ = {
			isa = XCConfigurationList;
			buildConfigurations = (
				632E15B51C99A1F800757D10 /* Debug */,
				632E15B61C99A1F800757D10 /* Release */,
			);
			defaultConfigurationIsVisible = 0;
		};
/* End XCConfigurationList section */

/* Begin XCVersionGroup section */
		632E15B71C99A30000757D10 /* Person.xcdatamodeld */ = {
			isa = XCVersionGroup;
			children = (
				632E15B81C99A30000757D10 /* Person.xcdatamodel */,
			);
			currentVersion = 632E15B81C99A30000757D10 /* Person.xcdatamodel */;
			path = Person.xcdatamodeld;
			sourceTree = "<group>";
			versionGroupType = wrapper.xcdatamodel;
		};
/* End XCVersionGroup section */
	};
	rootObject = 632E15791C99A1F700757D10 /* Project object */;
}
